Microsoft Visual Studio Solution File, Format Version 12.00
# Visual Studio Version 17
VisualStudioVersion = 17.5.2.0
MinimumVisualStudioVersion = 10.0.40219.1
Project("{2150E333-8FDC-42A3-9474-1A3956D46DE8}") = "Module 4", "Module 4", "{A9614A37-C274-0C63-81AD-71422FDFCDE4}"
EndProject
Project("{FAE04EC0-301F-11D3-BF4B-00C04F79EFBC}") = "COP2360-3", "Module 4\COP2360-3.csproj", "{77D4DD5D-5EE4-925E-8CE8-0D58923440CF}"
EndProject
Global
	GlobalSection(SolutionConfigurationPlatforms) = preSolution
		Debug|Any CPU = Debug|Any CPU
		Release|Any CPU = Release|Any CPU
	EndGlobalSection
	GlobalSection(ProjectConfigurationPlatforms) = postSolution
		{77D4DD5D-5EE4-925E-8CE8-0D58923440CF}.Debug|Any CPU.ActiveCfg = Debug|Any CPU
		{77D4DD5D-5EE4-925E-8CE8-0D58923440CF}.Debug|Any CPU.Build.0 = Debug|Any CPU
		{77D4DD5D-5EE4-925E-8CE8-0D58923440CF}.Release|Any CPU.ActiveCfg = Release|Any CPU
		{77D4DD5D-5EE4-925E-8CE8-0D58923440CF}.Release|Any CPU.Build.0 = Release|Any CPU
	EndGlobalSection
	GlobalSection(SolutionProperties) = preSolution
		HideSolutionNode = FALSE
	EndGlobalSection
	GlobalSection(NestedProjects) = preSolution
		{77D4DD5D-5EE4-925E-8CE8-0D58923440CF} = {A9614A37-C274-0C63-81AD-71422FDFCDE4}
	EndGlobalSection
	GlobalSection(ExtensibilityGlobals) = postSolution
		SolutionGuid = {41BB0FE8-F97B-484E-84FD-7BDEE2E8954D}
	EndGlobalSection
EndGlobal
