Microsoft Visual Studio Solution File, Format Version 12.00
# Visual Studio Version 17
VisualStudioVersion = 17.5.2.0
MinimumVisualStudioVersion = 10.0.40219.1
Project("{FAE04EC0-301F-11D3-BF4B-00C04F79EFBC}") = "Module 7 GP", "Module 7 GP.csproj", "{2093CC18-4189-45FD-FD9B-A61C540AC7A0}"
EndProject
Global
	GlobalSection(SolutionConfigurationPlatforms) = preSolution
		Debug|Any CPU = Debug|Any CPU
		Release|Any CPU = Release|Any CPU
	EndGlobalSection
	GlobalSection(ProjectConfigurationPlatforms) = postSolution
		{2093CC18-4189-45FD-FD9B-A61C540AC7A0}.Debug|Any CPU.ActiveCfg = Debug|Any CPU
		{2093CC18-4189-45FD-FD9B-A61C540AC7A0}.Debug|Any CPU.Build.0 = Debug|Any CPU
		{2093CC18-4189-45FD-FD9B-A61C540AC7A0}.Release|Any CPU.ActiveCfg = Release|Any CPU
		{2093CC18-4189-45FD-FD9B-A61C540AC7A0}.Release|Any CPU.Build.0 = Release|Any CPU
	EndGlobalSection
	GlobalSection(SolutionProperties) = preSolution
		HideSolutionNode = FALSE
	EndGlobalSection
	GlobalSection(ExtensibilityGlobals) = postSolution
		SolutionGuid = {58380FF0-2ACA-4D6D-995F-9139C2EABAAD}
	EndGlobalSection
EndGlobal
